{
  "name": "test",
  "version": "1.0.0",
  "lockfileVersion": 3,
  "requires": true,
  "packages": {
    "": {
      "name": "test",
      "version": "1.0.0",
      "license": "ISC",
      "devDependencies": {
        "ui-core-scripts": "file:../"
      }
    },
    "..": {
      "name": "@unison-lang/ui-core-scripts",
      "version": "1.1.9",
      "dev": true,
      "bin": {
        "ui-core-check-css": "check-css-vars.mjs",
        "ui-core-install": "ui-core-install.js",
        "ui-core-update": "ui-core-update.js"
      },
      "devDependencies": {
        "@octokit/core": "^4.2.0"
      }
    },
    "node_modules/ui-core-scripts": {
      "resolved": "..",
      "link": true
    }
  }
}
